Microsoft Visual Studio Solution File, Format Version 12.00
# Visual Studio 2012
Project("{FAE04EC0-301F-11D3-BF4B-00C04F79EFBC}") = "GDQuest Godot Tutorials", "GDQuest Godot Tutorials.csproj", "{F0CB1C41-3D9D-4A20-B248-350CBB616DDA}"
EndProject
Global
	GlobalSection(SolutionConfigurationPlatforms) = preSolution
	Debug|Any CPU = Debug|Any CPU
	ExportDebug|Any CPU = ExportDebug|Any CPU
	ExportRelease|Any CPU = ExportRelease|Any CPU
	EndGlobalSection
	GlobalSection(ProjectConfigurationPlatforms) = postSolution
		{F0CB1C41-3D9D-4A20-B248-350CBB616DDA}.Debug|Any CPU.ActiveCfg = Debug|Any CPU
		{F0CB1C41-3D9D-4A20-B248-350CBB616DDA}.Debug|Any CPU.Build.0 = Debug|Any CPU
		{F0CB1C41-3D9D-4A20-B248-350CBB616DDA}.ExportDebug|Any CPU.ActiveCfg = ExportDebug|Any CPU
		{F0CB1C41-3D9D-4A20-B248-350CBB616DDA}.ExportDebug|Any CPU.Build.0 = ExportDebug|Any CPU
		{F0CB1C41-3D9D-4A20-B248-350CBB616DDA}.ExportRelease|Any CPU.ActiveCfg = ExportRelease|Any CPU
		{F0CB1C41-3D9D-4A20-B248-350CBB616DDA}.ExportRelease|Any CPU.Build.0 = ExportRelease|Any CPU
	EndGlobalSection
EndGlobal
